// !$*UTF8*$!
{
	archiveVersion = 1;
	classes = {
	};
	objectVersion = 56;
	objects = {

/* Begin PBXBuildFile section */
		ADAA6CBA295040D900143963 /* AppDelegate.swift in Sources */ = {isa = PBXBuildFile; fileRef = ADAA6CB9295040D900143963 /* AppDelegate.swift */; };
		ADAA6CBC295040D900143963 /* SceneDelegate.swift in Sources */ = {isa = PBXBuildFile; fileRef = ADAA6CBB295040D900143963 /* SceneDelegate.swift */; };
		ADAA6CBE295040D900143963 /* ViewController.swift in Sources */ = {isa = PBXBuildFile; fileRef = ADAA6CBD295040D900143963 /* ViewController.swift */; };
		ADAA6CC1295040D900143963 /* Main.storyboard in Resources */ = {isa = PBXBuildFile; fileRef = ADAA6CBF295040D900143963 /* Main.storyboard */; };
		ADAA6CC3295040DA00143963 /* Assets.xcassets in Resources */ = {isa = PBXBuildFile; fileRef = ADAA6CC2295040DA00143963 /* Assets.xcassets */; };
		ADAA6CC6295040DA00143963 /* LaunchScreen.storyboard in Resources */ = {isa = PBXBuildFile; fileRef = ADAA6CC4295040DA00143963 /* LaunchScreen.storyboard */; };
		ADAA6CD8295041CF00143963 /* 4.jpg in Resources */ = {isa = PBXBuildFile; fileRef = ADAA6CCE295041CF00143963 /* 4.jpg */; };
		ADAA6CD9295041CF00143963 /* 5.jpg in Resources */ = {isa = PBXBuildFile; fileRef = ADAA6CCF295041CF00143963 /* 5.jpg */; };
		ADAA6CDA295041CF00143963 /* 6.jpg in Resources */ = {isa = PBXBuildFile; fileRef = ADAA6CD0295041CF00143963 /* 6.jpg */; };
		ADAA6CDB295041CF00143963 /* 3.jpg in Resources */ = {isa = PBXBuildFile; fileRef = ADAA6CD1295041CF00143963 /* 3.jpg */; };
		ADAA6CDC295041CF00143963 /* 8.jpg in Resources */ = {isa = PBXBuildFile; fileRef = ADAA6CD2295041CF00143963 /* 8.jpg */; };
		ADAA6CDD295041CF00143963 /* 9.jpg in Resources */ = {isa = PBXBuildFile; fileRef = ADAA6CD3295041CF00143963 /* 9.jpg */; };
		ADAA6CDE295041CF00143963 /* 1.jpg in Resources */ = {isa = PBXBuildFile; fileRef = ADAA6CD4295041CF00143963 /* 1.jpg */; };
		ADAA6CDF295041CF00143963 /* 7.jpg in Resources */ = {isa = PBXBuildFile; fileRef = ADAA6CD5295041CF00143963 /* 7.jpg */; };
		ADAA6CE0295041CF00143963 /* 10.jpg in Resources */ = {isa = PBXBuildFile; fileRef = ADAA6CD6295041CF00143963 /* 10.jpg */; };
		ADAA6CE1295041CF00143963 /* 2.jpg in Resources */ = {isa = PBXBuildFile; fileRef = ADAA6CD7295041CF00143963 /* 2.jpg */; };
/* End PBXBuildFile section */

/* Begin PBXFileReference section */
		ADAA6CB6295040D900143963 /* PickerView.app */ = {isa = PBXFileReference; explicitFileType = wrapper.application; includeInIndex = 0; path = PickerView.app; sourceTree = BUILT_PRODUCTS_DIR; };
		ADAA6CB9295040D900143963 /* AppDelegate.swift */ = {isa = PBXFileReference; lastKnownFileType = sourcecode.swift; path = AppDelegate.swift; sourceTree = "<group>"; };
		ADAA6CBB295040D900143963 /* SceneDelegate.swift */ = {isa = PBXFileReference; lastKnownFileType = sourcecode.swift; path = SceneDelegate.swift; sourceTree = "<group>"; };
		ADAA6CBD295040D900143963 /* ViewController.swift */ = {isa = PBXFileReference; lastKnownFileType = sourcecode.swift; path = ViewController.swift; sourceTree = "<group>"; };
		ADAA6CC0295040D900143963 /* Base */ = {isa = PBXFileReference; lastKnownFileType = file.storyboard; name = Base; path = Base.lproj/Main.storyboard; sourceTree = "<group>"; };
		ADAA6CC2295040DA00143963 /* Assets.xcassets */ = {isa = PBXFileReference; lastKnownFileType = folder.assetcatalog; path = Assets.xcassets; sourceTree = "<group>"; };
		ADAA6CC5295040DA00143963 /* Base */ = {isa = PBXFileReference; lastKnownFileType = file.storyboard; name = Base; path = Base.lproj/LaunchScreen.storyboard; sourceTree = "<group>"; };
		ADAA6CC7295040DA00143963 /* Info.plist */ = {isa = PBXFileReference; lastKnownFileType = text.plist.xml; path = Info.plist; sourceTree = "<group>"; };
		ADAA6CCE295041CF00143963 /* 4.jpg */ = {isa = PBXFileReference; lastKnownFileType = image.jpeg; path = 4.jpg; sourceTree = "<group>"; };
		ADAA6CCF295041CF00143963 /* 5.jpg */ = {isa = PBXFileReference; lastKnownFileType = image.jpeg; path = 5.jpg; sourceTree = "<group>"; };
		ADAA6CD0295041CF00143963 /* 6.jpg */ = {isa = PBXFileReference; lastKnownFileType = image.jpeg; path = 6.jpg; sourceTree = "<group>"; };
		ADAA6CD1295041CF00143963 /* 3.jpg */ = {isa = PBXFileReference; lastKnownFileType = image.jpeg; path = 3.jpg; sourceTree = "<group>"; };
		ADAA6CD2295041CF00143963 /* 8.jpg */ = {isa = PBXFileReference; lastKnownFileType = image.jpeg; path = 8.jpg; sourceTree = "<group>"; };
		ADAA6CD3295041CF00143963 /* 9.jpg */ = {isa = PBXFileReference; lastKnownFileType = image.jpeg; path = 9.jpg; sourceTree = "<group>"; };
		ADAA6CD4295041CF00143963 /* 1.jpg */ = {isa = PBXFileReference; lastKnownFileType = image.jpeg; path = 1.jpg; sourceTree = "<group>"; };
		ADAA6CD5295041CF00143963 /* 7.jpg */ = {isa = PBXFileReference; lastKnownFileType = image.jpeg; path = 7.jpg; sourceTree = "<group>"; };
		ADAA6CD6295041CF00143963 /* 10.jpg */ = {isa = PBXFileReference; lastKnownFileType = image.jpeg; path = 10.jpg; sourceTree = "<group>"; };
		ADAA6CD7295041CF00143963 /* 2.jpg */ = {isa = PBXFileReference; lastKnownFileType = image.jpeg; path = 2.jpg; sourceTree = "<group>"; };
/* End PBXFileReference section */

/* Begin PBXFrameworksBuildPhase section */
		ADAA6CB3295040D900143963 /* Frameworks */ = {
			isa = PBXFrameworksBuildPhase;
			buildActionMask = 2147483647;
			files = (
			);
			runOnlyForDeploymentPostprocessing = 0;
		};
/* End PBXFrameworksBuildPhase section */

/* Begin PBXGroup section */
		ADAA6CAD295040D900143963 = {
			isa = PBXGroup;
			children = (
				ADAA6CB8295040D900143963 /* PickerView */,
				ADAA6CB7295040D900143963 /* Products */,
			);
			sourceTree = "<group>";
		};
		ADAA6CB7295040D900143963 /* Products */ = {
			isa = PBXGroup;
			children = (
				ADAA6CB6295040D900143963 /* PickerView.app */,
			);
			name = Products;
			sourceTree = "<group>";
		};
		ADAA6CB8295040D900143963 /* PickerView */ = {
			isa = PBXGroup;
			children = (
				ADAA6CCD2950414C00143963 /* images */,
				ADAA6CB9295040D900143963 /* AppDelegate.swift */,
				ADAA6CBB295040D900143963 /* SceneDelegate.swift */,
				ADAA6CBD295040D900143963 /* ViewController.swift */,
				ADAA6CBF295040D900143963 /* Main.storyboard */,
				ADAA6CC2295040DA00143963 /* Assets.xcassets */,
				ADAA6CC4295040DA00143963 /* LaunchScreen.storyboard */,
				ADAA6CC7295040DA00143963 /* Info.plist */,
			);
			path = PickerView;
			sourceTree = "<group>";
		};
		ADAA6CCD2950414C00143963 /* images */ = {
			isa = PBXGroup;
			children = (
				ADAA6CD4295041CF00143963 /* 1.jpg */,
				ADAA6CD7295041CF00143963 /* 2.jpg */,
				ADAA6CD1295041CF00143963 /* 3.jpg */,
				ADAA6CCE295041CF00143963 /* 4.jpg */,
				ADAA6CCF295041CF00143963 /* 5.jpg */,
				ADAA6CD0295041CF00143963 /* 6.jpg */,
				ADAA6CD5295041CF00143963 /* 7.jpg */,
				ADAA6CD2295041CF00143963 /* 8.jpg */,
				ADAA6CD3295041CF00143963 /* 9.jpg */,
				ADAA6CD6295041CF00143963 /* 10.jpg */,
			);
			path = images;
			sourceTree = "<group>";
		};
/* End PBXGroup section */

/* Begin PBXNativeTarget section */
		ADAA6CB5295040D900143963 /* PickerView */ = {
			isa = PBXNativeTarget;
			buildConfigurationList = ADAA6CCA295040DA00143963 /* Build configuration list for PBXNativeTarget "PickerView" */;
			buildPhases = (
				ADAA6CB2295040D900143963 /* Sources */,
				ADAA6CB3295040D900143963 /* Frameworks */,
				ADAA6CB4295040D900143963 /* Resources */,
			);
			buildRules = (
			);
			dependencies = (
			);
			name = PickerView;
			productName = PickerView;
			productReference = ADAA6CB6295040D900143963 /* PickerView.app */;
			productType = "com.apple.product-type.application";
		};
/* End PBXNativeTarget section */

/* Begin PBXProject section */
		ADAA6CAE295040D900143963 /* Project object */ = {
			isa = PBXProject;
			attributes = {
				BuildIndependentTargetsInParallel = 1;
				LastSwiftUpdateCheck = 1420;
				LastUpgradeCheck = 1420;
				TargetAttributes = {
					ADAA6CB5295040D900143963 = {
						CreatedOnToolsVersion = 14.2;
					};
				};
			};
			buildConfigurationList = ADAA6CB1295040D900143963 /* Build configuration list for PBXProject "PickerView" */;
			compatibilityVersion = "Xcode 14.0";
			developmentRegion = en;
			hasScannedForEncodings = 0;
			knownRegions = (
				en,
				Base,
			);
			mainGroup = ADAA6CAD295040D900143963;
			productRefGroup = ADAA6CB7295040D900143963 /* Products */;
			projectDirPath = "";
			projectRoot = "";
			targets = (
				ADAA6CB5295040D900143963 /* PickerView */,
			);
		};
/* End PBXProject section */

/* Begin PBXResourcesBuildPhase section */
		ADAA6CB4295040D900143963 /* Resources */ = {
			isa = PBXResourcesBuildPhase;
			buildActionMask = 2147483647;
			files = (
				ADAA6CDF295041CF00143963 /* 7.jpg in Resources */,
				ADAA6CDD295041CF00143963 /* 9.jpg in Resources */,
				ADAA6CDA295041CF00143963 /* 6.jpg in Resources */,
				ADAA6CD8295041CF00143963 /* 4.jpg in Resources */,
				ADAA6CD9295041CF00143963 /* 5.jpg in Resources */,
				ADAA6CC6295040DA00143963 /* LaunchScreen.storyboard in Resources */,
				ADAA6CDC295041CF00143963 /* 8.jpg in Resources */,
				ADAA6CC3295040DA00143963 /* Assets.xcassets in Resources */,
				ADAA6CDB295041CF00143963 /* 3.jpg in Resources */,
				ADAA6CE1295041CF00143963 /* 2.jpg in Resources */,
				ADAA6CC1295040D900143963 /* Main.storyboard in Resources */,
				ADAA6CE0295041CF00143963 /* 10.jpg in Resources */,
				ADAA6CDE295041CF00143963 /* 1.jpg in Resources */,
			);
			runOnlyForDeploymentPostprocessing = 0;
		};
/* End PBXResourcesBuildPhase section */

/* Begin PBXSourcesBuildPhase section */
		ADAA6CB2295040D900143963 /* Sources */ = {
			isa = PBXSourcesBuildPhase;
			buildActionMask = 2147483647;
			files = (
				ADAA6CBE295040D900143963 /* ViewController.swift in Sources */,
				ADAA6CBA295040D900143963 /* AppDelegate.swift in Sources */,
				ADAA6CBC295040D900143963 /* SceneDelegate.swift in Sources */,
			);
			runOnlyForDeploymentPostprocessing = 0;
		};
/* End PBXSourcesBuildPhase section */

/* Begin PBXVariantGroup section */
		ADAA6CBF295040D900143963 /* Main.storyboard */ = {
			isa = PBXVariantGroup;
			children = (
				ADAA6CC0295040D900143963 /* Base */,
			);
			name = Main.storyboard;
			sourceTree = "<group>";
		};
		ADAA6CC4295040DA00143963 /* LaunchScreen.storyboard */ = {
			isa = PBXVariantGroup;
			children = (
				ADAA6CC5295040DA00143963 /* Base */,
			);
			name = LaunchScreen.storyboard;
			sourceTree = "<group>";
		};
/* End PBXVariantGroup section */

/* Begin XCBuildConfiguration section */
		ADAA6CC8295040DA00143963 /* Debug */ = {
			isa = XCBuildConfiguration;
			buildSettings = {
				ALWAYS_SEARCH_USER_PATHS = NO;
				CLANG_ANALYZER_NONNULL = YES;
				CLANG_ANALYZER_NUMBER_OBJECT_CONVERSION = YES_AGGRESSIVE;
				CLANG_CXX_LANGUAGE_STANDARD = "gnu++20";
				CLANG_ENABLE_MODULES = YES;
				CLANG_ENABLE_OBJC_ARC = YES;
				CLANG_ENABLE_OBJC_WEAK = YES;
				CLANG_WARN_BLOCK_CAPTURE_AUTORELEASING = YES;
				CLANG_WARN_BOOL_CONVERSION = YES;
				CLANG_WARN_COMMA = YES;
				CLANG_WARN_CONSTANT_CONVERSION = YES;
				CLANG_WARN_DEPRECATED_OBJC_IMPLEMENTATIONS = YES;
				CLANG_WARN_DIRECT_OBJC_ISA_USAGE = YES_ERROR;
				CLANG_WARN_DOCUMENTATION_COMMENTS = YES;
				CLANG_WARN_EMPTY_BODY = YES;
				CLANG_WARN_ENUM_CONVERSION = YES;
				CLANG_WARN_INFINITE_RECURSION = YES;
				CLANG_WARN_INT_CONVERSION = YES;
				CLANG_WARN_NON_LITERAL_NULL_CONVERSION = YES;
				CLANG_WARN_OBJC_IMPLICIT_RETAIN_SELF = YES;
				CLANG_WARN_OBJC_LITERAL_CONVERSION = YES;
				CLANG_WARN_OBJC_ROOT_CLASS = YES_ERROR;
				CLANG_WARN_QUOTED_INCLUDE_IN_FRAMEWORK_HEADER = YES;
				CLANG_WARN_RANGE_LOOP_ANALYSIS = YES;
				CLANG_WARN_STRICT_PROTOTYPES = YES;
				CLANG_WARN_SUSPICIOUS_MOVE = YES;
				CLANG_WARN_UNGUARDED_AVAILABILITY = YES_AGGRESSIVE;
				CLANG_WARN_UNREACHABLE_CODE = YES;
				CLANG_WARN__DUPLICATE_METHOD_MATCH = YES;
				COPY_PHASE_STRIP = NO;
				DEBUG_INFORMATION_FORMAT = dwarf;
				ENABLE_STRICT_OBJC_MSGSEND = YES;
				ENABLE_TESTABILITY = YES;
				GCC_C_LANGUAGE_STANDARD = gnu11;
				GCC_DYNAMIC_NO_PIC = NO;
				GCC_NO_COMMON_BLOCKS = YES;
				GCC_OPTIMIZATION_LEVEL = 0;
				GCC_PREPROCESSOR_DEFINITIONS = (
					"DEBUG=1",
					"$(inherited)",
				);
				GCC_WARN_64_TO_32_BIT_CONVERSION = YES;
				GCC_WARN_ABOUT_RETURN_TYPE = YES_ERROR;
				GCC_WARN_UNDECLARED_SELECTOR = YES;
				GCC_WARN_UNINITIALIZED_AUTOS = YES_AGGRESSIVE;
				GCC_WARN_UNUSED_FUNCTION = YES;
				GCC_WARN_UNUSED_VARIABLE = YES;
				IPHONEOS_DEPLOYMENT_TARGET = 16.2;
				MTL_ENABLE_DEBUG_INFO = INCLUDE_SOURCE;
				MTL_FAST_MATH = YES;
				ONLY_ACTIVE_ARCH = YES;
				SDKROOT = iphoneos;
				SWIFT_ACTIVE_COMPILATION_CONDITIONS = DEBUG;
				SWIFT_OPTIMIZATION_LEVEL = "-Onone";
			};
			name = Debug;
		};
		ADAA6CC9295040DA00143963 /* Release */ = {
			isa = XCBuildConfiguration;
			buildSettings = {
				ALWAYS_SEARCH_USER_PATHS = NO;
				CLANG_ANALYZER_NONNULL = YES;
				CLANG_ANALYZER_NUMBER_OBJECT_CONVERSION = YES_AGGRESSIVE;
				CLANG_CXX_LANGUAGE_STANDARD = "gnu++20";
				CLANG_ENABLE_MODULES = YES;
				CLANG_ENABLE_OBJC_ARC = YES;
				CLANG_ENABLE_OBJC_WEAK = YES;
				CLANG_WARN_BLOCK_CAPTURE_AUTORELEASING = YES;
				CLANG_WARN_BOOL_CONVERSION = YES;
				CLANG_WARN_COMMA = YES;
				CLANG_WARN_CONSTANT_CONVERSION = YES;
				CLANG_WARN_DEPRECATED_OBJC_IMPLEMENTATIONS = YES;
				CLANG_WARN_DIRECT_OBJC_ISA_USAGE = YES_ERROR;
				CLANG_WARN_DOCUMENTATION_COMMENTS = YES;
				CLANG_WARN_EMPTY_BODY = YES;
				CLANG_WARN_ENUM_CONVERSION = YES;
				CLANG_WARN_INFINITE_RECURSION = YES;
				CLANG_WARN_INT_CONVERSION = YES;
				CLANG_WARN_NON_LITERAL_NULL_CONVERSION = YES;
				CLANG_WARN_OBJC_IMPLICIT_RETAIN_SELF = YES;
				CLANG_WARN_OBJC_LITERAL_CONVERSION = YES;
				CLANG_WARN_OBJC_ROOT_CLASS = YES_ERROR;
				CLANG_WARN_QUOTED_INCLUDE_IN_FRAMEWORK_HEADER = YES;
				CLANG_WARN_RANGE_LOOP_ANALYSIS = YES;
				CLANG_WARN_STRICT_PROTOTYPES = YES;
				CLANG_WARN_SUSPICIOUS_MOVE = YES;
				CLANG_WARN_UNGUARDED_AVAILABILITY = YES_AGGRESSIVE;
				CLANG_WARN_UNREACHABLE_CODE = YES;
				CLANG_WARN__DUPLICATE_METHOD_MATCH = YES;
				COPY_PHASE_STRIP = NO;
				DEBUG_INFORMATION_FORMAT = "dwarf-with-dsym";
				ENABLE_NS_ASSERTIONS = NO;
				ENABLE_STRICT_OBJC_MSGSEND = YES;
				GCC_C_LANGUAGE_STANDARD = gnu11;
				GCC_NO_COMMON_BLOCKS = YES;
				GCC_WARN_64_TO_32_BIT_CONVERSION = YES;
				GCC_WARN_ABOUT_RETURN_TYPE = YES_ERROR;
				GCC_WARN_UNDECLARED_SELECTOR = YES;
				GCC_WARN_UNINITIALIZED_AUTOS = YES_AGGRESSIVE;
				GCC_WARN_UNUSED_FUNCTION = YES;
				GCC_WARN_UNUSED_VARIABLE = YES;
				IPHONEOS_DEPLOYMENT_TARGET = 16.2;
				MTL_ENABLE_DEBUG_INFO = NO;
				MTL_FAST_MATH = YES;
				SDKROOT = iphoneos;
				SWIFT_COMPILATION_MODE = wholemodule;
				SWIFT_OPTIMIZATION_LEVEL = "-O";
				VALIDATE_PRODUCT = YES;
			};
			name = Release;
		};
		ADAA6CCB295040DA00143963 /* Debug */ = {
			isa = XCBuildConfiguration;
			buildSettings = {
				ASSETCATALOG_COMPILER_APPICON_NAME = AppIcon;
				ASSETCATALOG_COMPILER_GLOBAL_ACCENT_COLOR_NAME = AccentColor;
				CODE_SIGN_STYLE = Automatic;
				CURRENT_PROJECT_VERSION = 1;
				GENERATE_INFOPLIST_FILE = YES;
				INFOPLIST_FILE = PickerView/Info.plist;
				INFOPLIST_KEY_UIApplicationSupportsIndirectInputEvents = YES;
				INFOPLIST_KEY_UILaunchStoryboardName = LaunchScreen;
				INFOPLIST_KEY_UIMainStoryboardFile = Main;
				INFOPLIST_KEY_UISupportedInterfaceOrientations = UIInterfaceOrientationPortrait;
				LD_RUNPATH_SEARCH_PATHS = (
					"$(inherited)",
					"@executable_path/Frameworks",
				);
				MARKETING_VERSION = 1.0;
				PRODUCT_BUNDLE_IDENTIFIER = doomsday.PickerView;
				PRODUCT_NAME = "$(TARGET_NAME)";
				SWIFT_EMIT_LOC_STRINGS = YES;
				SWIFT_VERSION = 5.0;
				TARGETED_DEVICE_FAMILY = "1,2";
			};
			name = Debug;
		};
		ADAA6CCC295040DA00143963 /* Release */ = {
			isa = XCBuildConfiguration;
			buildSettings = {
				ASSETCATALOG_COMPILER_APPICON_NAME = AppIcon;
				ASSETCATALOG_COMPILER_GLOBAL_ACCENT_COLOR_NAME = AccentColor;
				CODE_SIGN_STYLE = Automatic;
				CURRENT_PROJECT_VERSION = 1;
				GENERATE_INFOPLIST_FILE = YES;
				INFOPLIST_FILE = PickerView/Info.plist;
				INFOPLIST_KEY_UIApplicationSupportsIndirectInputEvents = YES;
				INFOPLIST_KEY_UILaunchStoryboardName = LaunchScreen;
				INFOPLIST_KEY_UIMainStoryboardFile = Main;
				INFOPLIST_KEY_UISupportedInterfaceOrientations = UIInterfaceOrientationPortrait;
				LD_RUNPATH_SEARCH_PATHS = (
					"$(inherited)",
					"@executable_path/Frameworks",
				);
				MARKETING_VERSION = 1.0;
				PRODUCT_BUNDLE_IDENTIFIER = doomsday.PickerView;
				PRODUCT_NAME = "$(TARGET_NAME)";
				SWIFT_EMIT_LOC_STRINGS = YES;
				SWIFT_VERSION = 5.0;
				TARGETED_DEVICE_FAMILY = "1,2";
			};
			name = Release;
		};
/* End XCBuildConfiguration section */

/* Begin XCConfigurationList section */
		ADAA6CB1295040D900143963 /* Build configuration list for PBXProject "PickerView" */ = {
			isa = XCConfigurationList;
			buildConfigurations = (
				ADAA6CC8295040DA00143963 /* Debug */,
				ADAA6CC9295040DA00143963 /* Release */,
			);
			defaultConfigurationIsVisible = 0;
			defaultConfigurationName = Release;
		};
		ADAA6CCA295040DA00143963 /* Build configuration list for PBXNativeTarget "PickerView" */ = {
			isa = XCConfigurationList;
			buildConfigurations = (
				ADAA6CCB295040DA00143963 /* Debug */,
				ADAA6CCC295040DA00143963 /* Release */,
			);
			defaultConfigurationIsVisible = 0;
			defaultConfigurationName = Release;
		};
/* End XCConfigurationList section */
	};
	rootObject = ADAA6CAE295040D900143963 /* Project object */;
}
